// !$*UTF8*$!
{
	archiveVersion = 1;
	classes = {
	};
	objectVersion = 50;
	objects = {

/* Begin PBXBuildFile section */
		CB22A067250C518B0047FBE9 /* AppDelegate.swift in Sources */ = {isa = PBXBuildFile; fileRef = CB22A066250C518B0047FBE9 /* AppDelegate.swift */; };
		CB22A069250C518B0047FBE9 /* ViewController.swift in Sources */ = {isa = PBXBuildFile; fileRef = CB22A068250C518B0047FBE9 /* ViewController.swift */; };
		CB22A06B250C518B0047FBE9 /* Experience.rcproject in Sources */ = {isa = PBXBuildFile; fileRef = CB22A06A250C518B0047FBE9 /* Experience.rcproject */; };
		CB22A06E250C518B0047FBE9 /* Main.storyboard in Resources */ = {isa = PBXBuildFile; fileRef = CB22A06C250C518B0047FBE9 /* Main.storyboard */; };
		CB22A070250C518D0047FBE9 /* Assets.xcassets in Resources */ = {isa = PBXBuildFile; fileRef = CB22A06F250C518D0047FBE9 /* Assets.xcassets */; };
		CB22A073250C518D0047FBE9 /* LaunchScreen.storyboard in Resources */ = {isa = PBXBuildFile; fileRef = CB22A071250C518D0047FBE9 /* LaunchScreen.storyboard */; };
/* End PBXBuildFile section */

/* Begin PBXFileReference section */
		CB22A063250C518B0047FBE9 /* RakugakiAR.app */ = {isa = PBXFileReference; explicitFileType = wrapper.application; includeInIndex = 0; path = RakugakiAR.app; sourceTree = BUILT_PRODUCTS_DIR; };
		CB22A066250C518B0047FBE9 /* AppDelegate.swift */ = {isa = PBXFileReference; lastKnownFileType = sourcecode.swift; path = AppDelegate.swift; sourceTree = "<group>"; };
		CB22A068250C518B0047FBE9 /* ViewController.swift */ = {isa = PBXFileReference; lastKnownFileType = sourcecode.swift; path = ViewController.swift; sourceTree = "<group>"; };
		CB22A06A250C518B0047FBE9 /* Experience.rcproject */ = {isa = PBXFileReference; lastKnownFileType = file.rcproject; path = Experience.rcproject; sourceTree = "<group>"; };
		CB22A06D250C518B0047FBE9 /* Base */ = {isa = PBXFileReference; lastKnownFileType = file.storyboard; name = Base; path = Base.lproj/Main.storyboard; sourceTree = "<group>"; };
		CB22A06F250C518D0047FBE9 /* Assets.xcassets */ = {isa = PBXFileReference; lastKnownFileType = folder.assetcatalog; path = Assets.xcassets; sourceTree = "<group>"; };
		CB22A072250C518D0047FBE9 /* Base */ = {isa = PBXFileReference; lastKnownFileType = file.storyboard; name = Base; path = Base.lproj/LaunchScreen.storyboard; sourceTree = "<group>"; };
		CB22A074250C518D0047FBE9 /* Info.plist */ = {isa = PBXFileReference; lastKnownFileType = text.plist.xml; path = Info.plist; sourceTree = "<group>"; };
/* End PBXFileReference section */

/* Begin PBXFrameworksBuildPhase section */
		CB22A060250C518B0047FBE9 /* Frameworks */ = {
			isa = PBXFrameworksBuildPhase;
			buildActionMask = 2147483647;
			files = (
			);
			runOnlyForDeploymentPostprocessing = 0;
		};
/* End PBXFrameworksBuildPhase section */

/* Begin PBXGroup section */
		CB22A05A250C518B0047FBE9 = {
			isa = PBXGroup;
			children = (
				CB22A065250C518B0047FBE9 /* RakugakiAR */,
				CB22A064250C518B0047FBE9 /* Products */,
			);
			sourceTree = "<group>";
		};
		CB22A064250C518B0047FBE9 /* Products */ = {
			isa = PBXGroup;
			children = (
				CB22A063250C518B0047FBE9 /* RakugakiAR.app */,
			);
			name = Products;
			sourceTree = "<group>";
		};
		CB22A065250C518B0047FBE9 /* RakugakiAR */ = {
			isa = PBXGroup;
			children = (
				CB22A066250C518B0047FBE9 /* AppDelegate.swift */,
				CB22A068250C518B0047FBE9 /* ViewController.swift */,
				CB22A06A250C518B0047FBE9 /* Experience.rcproject */,
				CB22A06C250C518B0047FBE9 /* Main.storyboard */,
				CB22A06F250C518D0047FBE9 /* Assets.xcassets */,
				CB22A071250C518D0047FBE9 /* LaunchScreen.storyboard */,
				CB22A074250C518D0047FBE9 /* Info.plist */,
			);
			path = RakugakiAR;
			sourceTree = "<group>";
		};
/* End PBXGroup section */

/* Begin PBXNativeTarget section */
		CB22A062250C518B0047FBE9 /* RakugakiAR */ = {
			isa = PBXNativeTarget;
			buildConfigurationList = CB22A077250C518D0047FBE9 /* Build configuration list for PBXNativeTarget "RakugakiAR" */;
			buildPhases = (
				CB22A05F250C518B0047FBE9 /* Sources */,
				CB22A060250C518B0047FBE9 /* Frameworks */,
				CB22A061250C518B0047FBE9 /* Resources */,
			);
			buildRules = (
			);
			dependencies = (
			);
			name = RakugakiAR;
			productName = RakugakiAR;
			productReference = CB22A063250C518B0047FBE9 /* RakugakiAR.app */;
			productType = "com.apple.product-type.application";
		};
/* End PBXNativeTarget section */

/* Begin PBXProject section */
		CB22A05B250C518B0047FBE9 /* Project object */ = {
			isa = PBXProject;
			attributes = {
				LastSwiftUpdateCheck = 1170;
				LastUpgradeCheck = 1170;
				ORGANIZATIONNAME = "John Baer";
				TargetAttributes = {
					CB22A062250C518B0047FBE9 = {
						CreatedOnToolsVersion = 11.7;
					};
				};
			};
			buildConfigurationList = CB22A05E250C518B0047FBE9 /* Build configuration list for PBXProject "RakugakiAR" */;
			compatibilityVersion = "Xcode 9.3";
			developmentRegion = en;
			hasScannedForEncodings = 0;
			knownRegions = (
				en,
				Base,
			);
			mainGroup = CB22A05A250C518B0047FBE9;
			productRefGroup = CB22A064250C518B0047FBE9 /* Products */;
			projectDirPath = "";
			projectRoot = "";
			targets = (
				CB22A062250C518B0047FBE9 /* RakugakiAR */,
			);
		};
/* End PBXProject section */

/* Begin PBXResourcesBuildPhase section */
		CB22A061250C518B0047FBE9 /* Resources */ = {
			isa = PBXResourcesBuildPhase;
			buildActionMask = 2147483647;
			files = (
				CB22A073250C518D0047FBE9 /* LaunchScreen.storyboard in Resources */,
				CB22A070250C518D0047FBE9 /* Assets.xcassets in Resources */,
				CB22A06E250C518B0047FBE9 /* Main.storyboard in Resources */,
			);
			runOnlyForDeploymentPostprocessing = 0;
		};
/* End PBXResourcesBuildPhase section */

/* Begin PBXSourcesBuildPhase section */
		CB22A05F250C518B0047FBE9 /* Sources */ = {
			isa = PBXSourcesBuildPhase;
			buildActionMask = 2147483647;
			files = (
				CB22A069250C518B0047FBE9 /* ViewController.swift in Sources */,
				CB22A067250C518B0047FBE9 /* AppDelegate.swift in Sources */,
				CB22A06B250C518B0047FBE9 /* Experience.rcproject in Sources */,
			);
			runOnlyForDeploymentPostprocessing = 0;
		};
/* End PBXSourcesBuildPhase section */

/* Begin PBXVariantGroup section */
		CB22A06C250C518B0047FBE9 /* Main.storyboard */ = {
			isa = PBXVariantGroup;
			children = (
				CB22A06D250C518B0047FBE9 /* Base */,
			);
			name = Main.storyboard;
			sourceTree = "<group>";
		};
		CB22A071250C518D0047FBE9 /* LaunchScreen.storyboard */ = {
			isa = PBXVariantGroup;
			children = (
				CB22A072250C518D0047FBE9 /* Base */,
			);
			name = LaunchScreen.storyboard;
			sourceTree = "<group>";
		};
/* End PBXVariantGroup section */

/* Begin XCBuildConfiguration section */
		CB22A075250C518D0047FBE9 /* Debug */ = {
			isa = XCBuildConfiguration;
			buildSettings = {
				ALWAYS_SEARCH_USER_PATHS = NO;
				CLANG_ANALYZER_NONNULL = YES;
				CLANG_ANALYZER_NUMBER_OBJECT_CONVERSION = YES_AGGRESSIVE;
				CLANG_CXX_LANGUAGE_STANDARD = "gnu++14";
				CLANG_CXX_LIBRARY = "libc++";
				CLANG_ENABLE_MODULES = YES;
				CLANG_ENABLE_OBJC_ARC = YES;
				CLANG_ENABLE_OBJC_WEAK = YES;
				CLANG_WARN_BLOCK_CAPTURE_AUTORELEASING = YES;
				CLANG_WARN_BOOL_CONVERSION = YES;
				CLANG_WARN_COMMA = YES;
				CLANG_WARN_CONSTANT_CONVERSION = YES;
				CLANG_WARN_DEPRECATED_OBJC_IMPLEMENTATIONS = YES;
				CLANG_WARN_DIRECT_OBJC_ISA_USAGE = YES_ERROR;
				CLANG_WARN_DOCUMENTATION_COMMENTS = YES;
				CLANG_WARN_EMPTY_BODY = YES;
				CLANG_WARN_ENUM_CONVERSION = YES;
				CLANG_WARN_INFINITE_RECURSION = YES;
				CLANG_WARN_INT_CONVERSION = YES;
				CLANG_WARN_NON_LITERAL_NULL_CONVERSION = YES;
				CLANG_WARN_OBJC_IMPLICIT_RETAIN_SELF = YES;
				CLANG_WARN_OBJC_LITERAL_CONVERSION = YES;
				CLANG_WARN_OBJC_ROOT_CLASS = YES_ERROR;
				CLANG_WARN_RANGE_LOOP_ANALYSIS = YES;
				CLANG_WARN_STRICT_PROTOTYPES = YES;
				CLANG_WARN_SUSPICIOUS_MOVE = YES;
				CLANG_WARN_UNGUARDED_AVAILABILITY = YES_AGGRESSIVE;
				CLANG_WARN_UNREACHABLE_CODE = YES;
				CLANG_WARN__DUPLICATE_METHOD_MATCH = YES;
				COPY_PHASE_STRIP = NO;
				DEBUG_INFORMATION_FORMAT = dwarf;
				ENABLE_STRICT_OBJC_MSGSEND = YES;
				ENABLE_TESTABILITY = YES;
				GCC_C_LANGUAGE_STANDARD = gnu11;
				GCC_DYNAMIC_NO_PIC = NO;
				GCC_NO_COMMON_BLOCKS = YES;
				GCC_OPTIMIZATION_LEVEL = 0;
				GCC_PREPROCESSOR_DEFINITIONS = (
					"DEBUG=1",
					"$(inherited)",
				);
				GCC_WARN_64_TO_32_BIT_CONVERSION = YES;
				GCC_WARN_ABOUT_RETURN_TYPE = YES_ERROR;
				GCC_WARN_UNDECLARED_SELECTOR = YES;
				GCC_WARN_UNINITIALIZED_AUTOS = YES_AGGRESSIVE;
				GCC_WARN_UNUSED_FUNCTION = YES;
				GCC_WARN_UNUSED_VARIABLE = YES;
				IPHONEOS_DEPLOYMENT_TARGET = 13.7;
				MTL_ENABLE_DEBUG_INFO = INCLUDE_SOURCE;
				MTL_FAST_MATH = YES;
				ONLY_ACTIVE_ARCH = YES;
				SDKROOT = iphoneos;
				SWIFT_ACTIVE_COMPILATION_CONDITIONS = DEBUG;
				SWIFT_OPTIMIZATION_LEVEL = "-Onone";
			};
			name = Debug;
		};
		CB22A076250C518D0047FBE9 /* Release */ = {
			isa = XCBuildConfiguration;
			buildSettings = {
				ALWAYS_SEARCH_USER_PATHS = NO;
				CLANG_ANALYZER_NONNULL = YES;
				CLANG_ANALYZER_NUMBER_OBJECT_CONVERSION = YES_AGGRESSIVE;
				CLANG_CXX_LANGUAGE_STANDARD = "gnu++14";
				CLANG_CXX_LIBRARY = "libc++";
				CLANG_ENABLE_MODULES = YES;
				CLANG_ENABLE_OBJC_ARC = YES;
				CLANG_ENABLE_OBJC_WEAK = YES;
				CLANG_WARN_BLOCK_CAPTURE_AUTORELEASING = YES;
				CLANG_WARN_BOOL_CONVERSION = YES;
				CLANG_WARN_COMMA = YES;
				CLANG_WARN_CONSTANT_CONVERSION = YES;
				CLANG_WARN_DEPRECATED_OBJC_IMPLEMENTATIONS = YES;
				CLANG_WARN_DIRECT_OBJC_ISA_USAGE = YES_ERROR;
				CLANG_WARN_DOCUMENTATION_COMMENTS = YES;
				CLANG_WARN_EMPTY_BODY = YES;
				CLANG_WARN_ENUM_CONVERSION = YES;
				CLANG_WARN_INFINITE_RECURSION = YES;
				CLANG_WARN_INT_CONVERSION = YES;
				CLANG_WARN_NON_LITERAL_NULL_CONVERSION = YES;
				CLANG_WARN_OBJC_IMPLICIT_RETAIN_SELF = YES;
				CLANG_WARN_OBJC_LITERAL_CONVERSION = YES;
				CLANG_WARN_OBJC_ROOT_CLASS = YES_ERROR;
				CLANG_WARN_RANGE_LOOP_ANALYSIS = YES;
				CLANG_WARN_STRICT_PROTOTYPES = YES;
				CLANG_WARN_SUSPICIOUS_MOVE = YES;
				CLANG_WARN_UNGUARDED_AVAILABILITY = YES_AGGRESSIVE;
				CLANG_WARN_UNREACHABLE_CODE = YES;
				CLANG_WARN__DUPLICATE_METHOD_MATCH = YES;
				COPY_PHASE_STRIP = NO;
				DEBUG_INFORMATION_FORMAT = "dwarf-with-dsym";
				ENABLE_NS_ASSERTIONS = NO;
				ENABLE_STRICT_OBJC_MSGSEND = YES;
				GCC_C_LANGUAGE_STANDARD = gnu11;
				GCC_NO_COMMON_BLOCKS = YES;
				GCC_WARN_64_TO_32_BIT_CONVERSION = YES;
				GCC_WARN_ABOUT_RETURN_TYPE = YES_ERROR;
				GCC_WARN_UNDECLARED_SELECTOR = YES;
				GCC_WARN_UNINITIALIZED_AUTOS = YES_AGGRESSIVE;
				GCC_WARN_UNUSED_FUNCTION = YES;
				GCC_WARN_UNUSED_VARIABLE = YES;
				IPHONEOS_DEPLOYMENT_TARGET = 13.7;
				MTL_ENABLE_DEBUG_INFO = NO;
				MTL_FAST_MATH = YES;
				SDKROOT = iphoneos;
				SWIFT_COMPILATION_MODE = wholemodule;
				SWIFT_OPTIMIZATION_LEVEL = "-O";
				VALIDATE_PRODUCT = YES;
			};
			name = Release;
		};
		CB22A078250C518D0047FBE9 /* Debug */ = {
			isa = XCBuildConfiguration;
			buildSettings = {
				ASSETCATALOG_COMPILER_APPICON_NAME = AppIcon;
				CODE_SIGN_STYLE = Automatic;
				DEVELOPMENT_TEAM = MYKB7T756Z;
				INFOPLIST_FILE = RakugakiAR/Info.plist;
				IPHONEOS_DEPLOYMENT_TARGET = 13.6;
				LD_RUNPATH_SEARCH_PATHS = (
					"$(inherited)",
					"@executable_path/Frameworks",
				);
				PRODUCT_BUNDLE_IDENTIFIER = JohnBaer.RakugakiAR;
				PRODUCT_NAME = "$(TARGET_NAME)";
				SWIFT_VERSION = 5.0;
				TARGETED_DEVICE_FAMILY = "1,2";
			};
			name = Debug;
		};
		CB22A079250C518D0047FBE9 /* Release */ = {
			isa = XCBuildConfiguration;
			buildSettings = {
				ASSETCATALOG_COMPILER_APPICON_NAME = AppIcon;
				CODE_SIGN_STYLE = Automatic;
				DEVELOPMENT_TEAM = MYKB7T756Z;
				INFOPLIST_FILE = RakugakiAR/Info.plist;
				IPHONEOS_DEPLOYMENT_TARGET = 13.6;
				LD_RUNPATH_SEARCH_PATHS = (
					"$(inherited)",
					"@executable_path/Frameworks",
				);
				PRODUCT_BUNDLE_IDENTIFIER = JohnBaer.RakugakiAR;
				PRODUCT_NAME = "$(TARGET_NAME)";
				SWIFT_VERSION = 5.0;
				TARGETED_DEVICE_FAMILY = "1,2";
			};
			name = Release;
		};
/* End XCBuildConfiguration section */

/* Begin XCConfigurationList section */
		CB22A05E250C518B0047FBE9 /* Build configuration list for PBXProject "RakugakiAR" */ = {
			isa = XCConfigurationList;
			buildConfigurations = (
				CB22A075250C518D0047FBE9 /* Debug */,
				CB22A076250C518D0047FBE9 /* Release */,
			);
			defaultConfigurationIsVisible = 0;
			defaultConfigurationName = Release;
		};
		CB22A077250C518D0047FBE9 /* Build configuration list for PBXNativeTarget "RakugakiAR" */ = {
			isa = XCConfigurationList;
			buildConfigurations = (
				CB22A078250C518D0047FBE9 /* Debug */,
				CB22A079250C518D0047FBE9 /* Release */,
			);
			defaultConfigurationIsVisible = 0;
			defaultConfigurationName = Release;
		};
/* End XCConfigurationList section */
	};
	rootObject = CB22A05B250C518B0047FBE9 /* Project object */;
}
